# This file is generated by running "yarn install" inside your project.
# Manual changes might be lost - proceed with caution!

__metadata:
  version: 4
  cacheKey: 7

"@biomejs/biome@npm:1.5.3":
  version: 1.5.3
  resolution: "@biomejs/biome@npm:1.5.3"
  dependencies:
    "@biomejs/cli-darwin-arm64": 1.5.3
    "@biomejs/cli-darwin-x64": 1.5.3
    "@biomejs/cli-linux-arm64": 1.5.3
    "@biomejs/cli-linux-arm64-musl": 1.5.3
    "@biomejs/cli-linux-x64": 1.5.3
    "@biomejs/cli-linux-x64-musl": 1.5.3
    "@biomejs/cli-win32-arm64": 1.5.3
    "@biomejs/cli-win32-x64": 1.5.3
  dependenciesMeta:
    "@biomejs/cli-darwin-arm64":
      optional: true
    "@biomejs/cli-darwin-x64":
      optional: true
    "@biomejs/cli-linux-arm64":
      optional: true
    "@biomejs/cli-linux-arm64-musl":
      optional: true
    "@biomejs/cli-linux-x64":
      optional: true
    "@biomejs/cli-linux-x64-musl":
      optional: true
    "@biomejs/cli-win32-arm64":
      optional: true
    "@biomejs/cli-win32-x64":
      optional: true
  bin:
    biome: bin/biome
  checksum: 61c461a20585848fd8aebbd72f9e27aef2aea5f697e0470fe91b1932abd3f39802e0aa2b08614e9ff8d9811100d1f1a09edadaee9096fef6eb52dbf83c41d372
  languageName: node
  linkType: hard

"@biomejs/cli-darwin-arm64@npm:1.5.3":
  version: 1.5.3
  resolution: "@biomejs/cli-darwin-arm64@npm:1.5.3"
  checksum: bb371f4efed20cbaae7713fd09545977e7b748d169eedc8edd8e764b9114098da24f8b7e7a65f41ed715c71250eb2403f7f01b3fb010b81f04903bc970f9b401
  languageName: node
  linkType: hard

"@biomejs/cli-darwin-x64@npm:1.5.3":
  version: 1.5.3
  resolution: "@biomejs/cli-darwin-x64@npm:1.5.3"
  checksum: 437cfc849e3c0e5232c185258e533fbe8fa91d9db1038b28ad07590db7b57dff931764c4ad9aa7a57b42e02a96dc7f44df99ca7d75dda04618bfa5db55920057
  languageName: node
  linkType: hard

"@biomejs/cli-linux-arm64-musl@npm:1.5.3":
  version: 1.5.3
  resolution: "@biomejs/cli-linux-arm64-musl@npm:1.5.3"
  checksum: 686250a244645b030a24bce3ef8f00969e530f77304ae6ac046ec9649a9350353755c0bb5b92d15cc3e5a09c164c2340b44d4bc5ec8f882bdb1205b52cb13052
  languageName: node
  linkType: hard

"@biomejs/cli-linux-arm64@npm:1.5.3":
  version: 1.5.3
  resolution: "@biomejs/cli-linux-arm64@npm:1.5.3"
  checksum: d0e27bef62da1f0593e80a7e6e783c4d723ed684b70c096d4a271228a775d72ee3e16ce90e24bb1a30f29b5e5ede68ef06555c4c24440e27097eb339cc013d58
  languageName: node
  linkType: hard

"@biomejs/cli-linux-x64-musl@npm:1.5.3":
  version: 1.5.3
  resolution: "@biomejs/cli-linux-x64-musl@npm:1.5.3"
  checksum: 66c0e7d0061e499d18b72cdc17c32c7161105aa43cb43b18c803e0ef53a1d7c34478ca9dc2ca6eeb80f51b7cf9c4262c4db9b98e12107d61aa970ebbb2e9c35c
  languageName: node
  linkType: hard

"@biomejs/cli-linux-x64@npm:1.5.3":
  version: 1.5.3
  resolution: "@biomejs/cli-linux-x64@npm:1.5.3"
  checksum: f209766ca614bfe0ebffd39bfe7779f29c27fec8d1520560db93dc6b7d29851827fca45461864f2d415567bd748e4c27d92b3a02f2ff64a58516695130e26bdb
  languageName: node
  linkType: hard

"@biomejs/cli-win32-arm64@npm:1.5.3":
  version: 1.5.3
  resolution: "@biomejs/cli-win32-arm64@npm:1.5.3"
  checksum: 405cd2ee0f8123b0c27f8a16e873e365e79264a63990d41730cbdc86511d72e29953afbd3236d2877fe1e3f10170df2b3441bfc0aedf2eb7672dfd107290f88b
  languageName: node
  linkType: hard

"@biomejs/cli-win32-x64@npm:1.5.3":
  version: 1.5.3
  resolution: "@biomejs/cli-win32-x64@npm:1.5.3"
  checksum: f30bc931d88821ec6d86562c4b0b33f33a75615ffc4c421e14123f2487fd46899b263bfeb6bdde1666561bfe0362dfa0e3777bef0bd77495536cd9cc103c9e93
  languageName: node
  linkType: hard

"anycast@workspace:.":
  version: 0.0.0-use.local
  resolution: "anycast@workspace:."
  dependencies:
    "@biomejs/biome": 1.5.3
  languageName: unknown
  linkType: soft
